// !$*UTF8*$!
{
	archiveVersion = 1;
	classes = {
	};
	objectVersion = 46;
	objects = {

/* Begin PBXBuildFile section */
		3E71B527A09D5ED5A9876E41 /* Pods_roundMedia.framework in Frameworks */ = {isa = PBXBuildFile; fileRef = D8EB73A08C344A4144A5BACC /* Pods_roundMedia.framework */; };
		DB0DCD771F16F7AF0046E8BC /* GoogleService-Info.plist in Resources */ = {isa = PBXBuildFile; fileRef = DB0DCD761F16F7AF0046E8BC /* GoogleService-Info.plist */; };
		DBCED1981F15E06800B90586 /* AppDelegate.swift in Sources */ = {isa = PBXBuildFile; fileRef = DBCED1971F15E06800B90586 /* AppDelegate.swift */; };
		DBCED19A1F15E06800B90586 /* SignInViewController.swift in Sources */ = {isa = PBXBuildFile; fileRef = DBCED1991F15E06800B90586 /* SignInViewController.swift */; };
		DBCED19D1F15E06800B90586 /* Main.storyboard in Resources */ = {isa = PBXBuildFile; fileRef = DBCED19B1F15E06800B90586 /* Main.storyboard */; };
		DBCED19F1F15E06800B90586 /* Assets.xcassets in Resources */ = {isa = PBXBuildFile; fileRef = DBCED19E1F15E06800B90586 /* Assets.xcassets */; };
		DBCED1A21F15E06800B90586 /* LaunchScreen.storyboard in Resources */ = {isa = PBXBuildFile; fileRef = DBCED1A01F15E06800B90586 /* LaunchScreen.storyboard */; };
/* End PBXBuildFile section */

/* Begin PBXFileReference section */
		29BECD21DDEC32BD293EDEDB /* Pods-roundMedia.debug.xcconfig */ = {isa = PBXFileReference; includeInIndex = 1; lastKnownFileType = text.xcconfig; name = "Pods-roundMedia.debug.xcconfig"; path = "Pods/Target Support Files/Pods-roundMedia/Pods-roundMedia.debug.xcconfig"; sourceTree = "<group>"; };
		445C6D23F30956F6D51B760C /* Pods-roundMedia.release.xcconfig */ = {isa = PBXFileReference; includeInIndex = 1; lastKnownFileType = text.xcconfig; name = "Pods-roundMedia.release.xcconfig"; path = "Pods/Target Support Files/Pods-roundMedia/Pods-roundMedia.release.xcconfig"; sourceTree = "<group>"; };
		D8EB73A08C344A4144A5BACC /* Pods_roundMedia.framework */ = {isa = PBXFileReference; explicitFileType = wrapper.framework; includeInIndex = 0; path = Pods_roundMedia.framework; sourceTree = BUILT_PRODUCTS_DIR; };
		DB0DCD761F16F7AF0046E8BC /* GoogleService-Info.plist */ = {isa = PBXFileReference; fileEncoding = 4; lastKnownFileType = text.plist.xml; path = "GoogleService-Info.plist"; sourceTree = "<group>"; };
		DBCED1941F15E06800B90586 /* roundMedia.app */ = {isa = PBXFileReference; explicitFileType = wrapper.application; includeInIndex = 0; path = roundMedia.app; sourceTree = BUILT_PRODUCTS_DIR; };
		DBCED1971F15E06800B90586 /* AppDelegate.swift */ = {isa = PBXFileReference; lastKnownFileType = sourcecode.swift; path = AppDelegate.swift; sourceTree = "<group>"; };
		DBCED1991F15E06800B90586 /* SignInViewController.swift */ = {isa = PBXFileReference; lastKnownFileType = sourcecode.swift; path = SignInViewController.swift; sourceTree = "<group>"; };
		DBCED19C1F15E06800B90586 /* Base */ = {isa = PBXFileReference; lastKnownFileType = file.storyboard; name = Base; path = Base.lproj/Main.storyboard; sourceTree = "<group>"; };
		DBCED19E1F15E06800B90586 /* Assets.xcassets */ = {isa = PBXFileReference; lastKnownFileType = folder.assetcatalog; path = Assets.xcassets; sourceTree = "<group>"; };
		DBCED1A11F15E06800B90586 /* Base */ = {isa = PBXFileReference; lastKnownFileType = file.storyboard; name = Base; path = Base.lproj/LaunchScreen.storyboard; sourceTree = "<group>"; };
		DBCED1A31F15E06800B90586 /* Info.plist */ = {isa = PBXFileReference; lastKnownFileType = text.plist.xml; path = Info.plist; sourceTree = "<group>"; };
/* End PBXFileReference section */

/* Begin PBXFrameworksBuildPhase section */
		DBCED1911F15E06800B90586 /* Frameworks */ = {
			isa = PBXFrameworksBuildPhase;
			buildActionMask = 2147483647;
			files = (
				3E71B527A09D5ED5A9876E41 /* Pods_roundMedia.framework in Frameworks */,
			);
			runOnlyForDeploymentPostprocessing = 0;
		};
/* End PBXFrameworksBuildPhase section */

/* Begin PBXGroup section */
		426CB2883E4743375866FF4E /* Pods */ = {
			isa = PBXGroup;
			children = (
				29BECD21DDEC32BD293EDEDB /* Pods-roundMedia.debug.xcconfig */,
				445C6D23F30956F6D51B760C /* Pods-roundMedia.release.xcconfig */,
			);
			name = Pods;
			sourceTree = "<group>";
		};
		73317BBE060F7A1966389CFD /* Frameworks */ = {
			isa = PBXGroup;
			children = (
				D8EB73A08C344A4144A5BACC /* Pods_roundMedia.framework */,
			);
			name = Frameworks;
			sourceTree = "<group>";
		};
		DB0DCD781F1700A50046E8BC /* Controller */ = {
			isa = PBXGroup;
			children = (
				DBCED1991F15E06800B90586 /* SignInViewController.swift */,
			);
			name = Controller;
			sourceTree = "<group>";
		};
		DB0DCD791F1700B50046E8BC /* Model */ = {
			isa = PBXGroup;
			children = (
				DBCED1971F15E06800B90586 /* AppDelegate.swift */,
			);
			name = Model;
			sourceTree = "<group>";
		};
		DB0DCD7A1F1700C60046E8BC /* View */ = {
			isa = PBXGroup;
			children = (
			);
			name = View;
			sourceTree = "<group>";
		};
		DBCED18B1F15E06800B90586 = {
			isa = PBXGroup;
			children = (
				DBCED1961F15E06800B90586 /* roundMedia */,
				DBCED1951F15E06800B90586 /* Products */,
				426CB2883E4743375866FF4E /* Pods */,
				73317BBE060F7A1966389CFD /* Frameworks */,
			);
			sourceTree = "<group>";
		};
		DBCED1951F15E06800B90586 /* Products */ = {
			isa = PBXGroup;
			children = (
				DBCED1941F15E06800B90586 /* roundMedia.app */,
			);
			name = Products;
			sourceTree = "<group>";
		};
		DBCED1961F15E06800B90586 /* roundMedia */ = {
			isa = PBXGroup;
			children = (
				DB0DCD791F1700B50046E8BC /* Model */,
				DB0DCD7A1F1700C60046E8BC /* View */,
				DB0DCD781F1700A50046E8BC /* Controller */,
				DBCED19B1F15E06800B90586 /* Main.storyboard */,
				DBCED19E1F15E06800B90586 /* Assets.xcassets */,
				DBCED1A01F15E06800B90586 /* LaunchScreen.storyboard */,
				DBCED1A31F15E06800B90586 /* Info.plist */,
				DB0DCD761F16F7AF0046E8BC /* GoogleService-Info.plist */,
			);
			path = roundMedia;
			sourceTree = "<group>";
		};
/* End PBXGroup section */

/* Begin PBXNativeTarget section */
		DBCED1931F15E06800B90586 /* roundMedia */ = {
			isa = PBXNativeTarget;
			buildConfigurationList = DBCED1A61F15E06800B90586 /* Build configuration list for PBXNativeTarget "roundMedia" */;
			buildPhases = (
				CD46BAC7D5052C7E0A7291C9 /* [CP] Check Pods Manifest.lock */,
				DBCED1901F15E06800B90586 /* Sources */,
				DBCED1911F15E06800B90586 /* Frameworks */,
				DBCED1921F15E06800B90586 /* Resources */,
				FC11BBA0B677599BB9092E71 /* [CP] Embed Pods Frameworks */,
				160AC5F7A7D4AEC852D267E4 /* [CP] Copy Pods Resources */,
			);
			buildRules = (
			);
			dependencies = (
			);
			name = roundMedia;
			productName = roundMedia;
			productReference = DBCED1941F15E06800B90586 /* roundMedia.app */;
			productType = "com.apple.product-type.application";
		};
/* End PBXNativeTarget section */

/* Begin PBXProject section */
		DBCED18C1F15E06800B90586 /* Project object */ = {
			isa = PBXProject;
			attributes = {
				LastSwiftUpdateCheck = 0830;
				LastUpgradeCheck = 0830;
				ORGANIZATIONNAME = "Pavel Parkhomey";
				TargetAttributes = {
					DBCED1931F15E06800B90586 = {
						CreatedOnToolsVersion = 8.3.3;
						DevelopmentTeam = 6X88V8MC7R;
						ProvisioningStyle = Automatic;
					};
				};
			};
			buildConfigurationList = DBCED18F1F15E06800B90586 /* Build configuration list for PBXProject "roundMedia" */;
			compatibilityVersion = "Xcode 3.2";
			developmentRegion = English;
			hasScannedForEncodings = 0;
			knownRegions = (
				en,
				Base,
			);
			mainGroup = DBCED18B1F15E06800B90586;
			productRefGroup = DBCED1951F15E06800B90586 /* Products */;
			projectDirPath = "";
			projectRoot = "";
			targets = (
				DBCED1931F15E06800B90586 /* roundMedia */,
			);
		};
/* End PBXProject section */

/* Begin PBXResourcesBuildPhase section */
		DBCED1921F15E06800B90586 /* Resources */ = {
			isa = PBXResourcesBuildPhase;
			buildActionMask = 2147483647;
			files = (
				DBCED1A21F15E06800B90586 /* LaunchScreen.storyboard in Resources */,
				DBCED19F1F15E06800B90586 /* Assets.xcassets in Resources */,
				DBCED19D1F15E06800B90586 /* Main.storyboard in Resources */,
				DB0DCD771F16F7AF0046E8BC /* GoogleService-Info.plist in Resources */,
			);
			runOnlyForDeploymentPostprocessing = 0;
		};
/* End PBXResourcesBuildPhase section */

/* Begin PBXShellScriptBuildPhase section */
		160AC5F7A7D4AEC852D267E4 /* [CP] Copy Pods Resources */ = {
			isa = PBXShellScriptBuildPhase;
			buildActionMask = 2147483647;
			files = (
			);
			inputPaths = (
			);
			name = "[CP] Copy Pods Resources";
			outputPaths = (
			);
			runOnlyForDeploymentPostprocessing = 0;
			shellPath = /bin/sh;
			shellScript = "\"${SRCROOT}/Pods/Target Support Files/Pods-roundMedia/Pods-roundMedia-resources.sh\"\n";
			showEnvVarsInLog = 0;
		};
		CD46BAC7D5052C7E0A7291C9 /* [CP] Check Pods Manifest.lock */ = {
			isa = PBXShellScriptBuildPhase;
			buildActionMask = 2147483647;
			files = (
			);
			inputPaths = (
			);
			name = "[CP] Check Pods Manifest.lock";
			outputPaths = (
			);
			runOnlyForDeploymentPostprocessing = 0;
			shellPath = /bin/sh;
			shellScript = "diff \"${PODS_PODFILE_DIR_PATH}/Podfile.lock\" \"${PODS_ROOT}/Manifest.lock\" > /dev/null\nif [ $? != 0 ] ; then\n    # print error to STDERR\n    echo \"error: The sandbox is not in sync with the Podfile.lock. Run 'pod install' or update your CocoaPods installation.\" >&2\n    exit 1\nfi\n";
			showEnvVarsInLog = 0;
		};
		FC11BBA0B677599BB9092E71 /* [CP] Embed Pods Frameworks */ = {
			isa = PBXShellScriptBuildPhase;
			buildActionMask = 2147483647;
			files = (
			);
			inputPaths = (
			);
			name = "[CP] Embed Pods Frameworks";
			outputPaths = (
			);
			runOnlyForDeploymentPostprocessing = 0;
			shellPath = /bin/sh;
			shellScript = "\"${SRCROOT}/Pods/Target Support Files/Pods-roundMedia/Pods-roundMedia-frameworks.sh\"\n";
			showEnvVarsInLog = 0;
		};
/* End PBXShellScriptBuildPhase section */

/* Begin PBXSourcesBuildPhase section */
		DBCED1901F15E06800B90586 /* Sources */ = {
			isa = PBXSourcesBuildPhase;
			buildActionMask = 2147483647;
			files = (
				DBCED19A1F15E06800B90586 /* SignInViewController.swift in Sources */,
				DBCED1981F15E06800B90586 /* AppDelegate.swift in Sources */,
			);
			runOnlyForDeploymentPostprocessing = 0;
		};
/* End PBXSourcesBuildPhase section */

/* Begin PBXVariantGroup section */
		DBCED19B1F15E06800B90586 /* Main.storyboard */ = {
			isa = PBXVariantGroup;
			children = (
				DBCED19C1F15E06800B90586 /* Base */,
			);
			name = Main.storyboard;
			sourceTree = "<group>";
		};
		DBCED1A01F15E06800B90586 /* LaunchScreen.storyboard */ = {
			isa = PBXVariantGroup;
			children = (
				DBCED1A11F15E06800B90586 /* Base */,
			);
			name = LaunchScreen.storyboard;
			sourceTree = "<group>";
		};
/* End PBXVariantGroup section */

/* Begin XCBuildConfiguration section */
		DBCED1A41F15E06800B90586 /* Debug */ = {
			isa = XCBuildConfiguration;
			buildSettings = {
				ALWAYS_SEARCH_USER_PATHS = NO;
				CLANG_ANALYZER_NONNULL = YES;
				CLANG_ANALYZER_NUMBER_OBJECT_CONVERSION = YES_AGGRESSIVE;
				CLANG_CXX_LANGUAGE_STANDARD = "gnu++0x";
				CLANG_CXX_LIBRARY = "libc++";
				CLANG_ENABLE_MODULES = YES;
				CLANG_ENABLE_OBJC_ARC = YES;
				CLANG_WARN_BOOL_CONVERSION = YES;
				CLANG_WARN_CONSTANT_CONVERSION = YES;
				CLANG_WARN_DIRECT_OBJC_ISA_USAGE = YES_ERROR;
				CLANG_WARN_DOCUMENTATION_COMMENTS = YES;
				CLANG_WARN_EMPTY_BODY = YES;
				CLANG_WARN_ENUM_CONVERSION = YES;
				CLANG_WARN_INFINITE_RECURSION = YES;
				CLANG_WARN_INT_CONVERSION = YES;
				CLANG_WARN_OBJC_ROOT_CLASS = YES_ERROR;
				CLANG_WARN_SUSPICIOUS_MOVE = YES;
				CLANG_WARN_UNREACHABLE_CODE = YES;
				CLANG_WARN__DUPLICATE_METHOD_MATCH = YES;
				"CODE_SIGN_IDENTITY[sdk=iphoneos*]" = "iPhone Developer";
				COPY_PHASE_STRIP = NO;
				DEBUG_INFORMATION_FORMAT = dwarf;
				ENABLE_STRICT_OBJC_MSGSEND = YES;
				ENABLE_TESTABILITY = YES;
				GCC_C_LANGUAGE_STANDARD = gnu99;
				GCC_DYNAMIC_NO_PIC = NO;
				GCC_NO_COMMON_BLOCKS = YES;
				GCC_OPTIMIZATION_LEVEL = 0;
				GCC_PREPROCESSOR_DEFINITIONS = (
					"DEBUG=1",
					"$(inherited)",
				);
				GCC_WARN_64_TO_32_BIT_CONVERSION = YES;
				GCC_WARN_ABOUT_RETURN_TYPE = YES_ERROR;
				GCC_WARN_UNDECLARED_SELECTOR = YES;
				GCC_WARN_UNINITIALIZED_AUTOS = YES_AGGRESSIVE;
				GCC_WARN_UNUSED_FUNCTION = YES;
				GCC_WARN_UNUSED_VARIABLE = YES;
				IPHONEOS_DEPLOYMENT_TARGET = 10.3;
				MTL_ENABLE_DEBUG_INFO = YES;
				ONLY_ACTIVE_ARCH = YES;
				SDKROOT = iphoneos;
				SWIFT_ACTIVE_COMPILATION_CONDITIONS = DEBUG;
				SWIFT_OPTIMIZATION_LEVEL = "-Onone";
				TARGETED_DEVICE_FAMILY = "1,2";
			};
			name = Debug;
		};
		DBCED1A51F15E06800B90586 /* Release */ = {
			isa = XCBuildConfiguration;
			buildSettings = {
				ALWAYS_SEARCH_USER_PATHS = NO;
				CLANG_ANALYZER_NONNULL = YES;
				CLANG_ANALYZER_NUMBER_OBJECT_CONVERSION = YES_AGGRESSIVE;
				CLANG_CXX_LANGUAGE_STANDARD = "gnu++0x";
				CLANG_CXX_LIBRARY = "libc++";
				CLANG_ENABLE_MODULES = YES;
				CLANG_ENABLE_OBJC_ARC = YES;
				CLANG_WARN_BOOL_CONVERSION = YES;
				CLANG_WARN_CONSTANT_CONVERSION = YES;
				CLANG_WARN_DIRECT_OBJC_ISA_USAGE = YES_ERROR;
				CLANG_WARN_DOCUMENTATION_COMMENTS = YES;
				CLANG_WARN_EMPTY_BODY = YES;
				CLANG_WARN_ENUM_CONVERSION = YES;
				CLANG_WARN_INFINITE_RECURSION = YES;
				CLANG_WARN_INT_CONVERSION = YES;
				CLANG_WARN_OBJC_ROOT_CLASS = YES_ERROR;
				CLANG_WARN_SUSPICIOUS_MOVE = YES;
				CLANG_WARN_UNREACHABLE_CODE = YES;
				CLANG_WARN__DUPLICATE_METHOD_MATCH = YES;
				"CODE_SIGN_IDENTITY[sdk=iphoneos*]" = "iPhone Developer";
				COPY_PHASE_STRIP = NO;
				DEBUG_INFORMATION_FORMAT = "dwarf-with-dsym";
				ENABLE_NS_ASSERTIONS = NO;
				ENABLE_STRICT_OBJC_MSGSEND = YES;
				GCC_C_LANGUAGE_STANDARD = gnu99;
				GCC_NO_COMMON_BLOCKS = YES;
				GCC_WARN_64_TO_32_BIT_CONVERSION = YES;
				GCC_WARN_ABOUT_RETURN_TYPE = YES_ERROR;
				GCC_WARN_UNDECLARED_SELECTOR = YES;
				GCC_WARN_UNINITIALIZED_AUTOS = YES_AGGRESSIVE;
				GCC_WARN_UNUSED_FUNCTION = YES;
				GCC_WARN_UNUSED_VARIABLE = YES;
				IPHONEOS_DEPLOYMENT_TARGET = 10.3;
				MTL_ENABLE_DEBUG_INFO = NO;
				SDKROOT = iphoneos;
				SWIFT_OPTIMIZATION_LEVEL = "-Owholemodule";
				TARGETED_DEVICE_FAMILY = "1,2";
				VALIDATE_PRODUCT = YES;
			};
			name = Release;
		};
		DBCED1A71F15E06800B90586 /* Debug */ = {
			isa = XCBuildConfiguration;
			baseConfigurationReference = 29BECD21DDEC32BD293EDEDB /* Pods-roundMedia.debug.xcconfig */;
			buildSettings = {
				ASSETCATALOG_COMPILER_APPICON_NAME = AppIcon;
				DEVELOPMENT_TEAM = 6X88V8MC7R;
				INFOPLIST_FILE = roundMedia/Info.plist;
				LD_RUNPATH_SEARCH_PATHS = "$(inherited) @executable_path/Frameworks";
				PRODUCT_BUNDLE_IDENTIFIER = com.MyApp.roundMedia;
				PRODUCT_NAME = "$(TARGET_NAME)";
				SWIFT_VERSION = 3.0;
			};
			name = Debug;
		};
		DBCED1A81F15E06800B90586 /* Release */ = {
			isa = XCBuildConfiguration;
			baseConfigurationReference = 445C6D23F30956F6D51B760C /* Pods-roundMedia.release.xcconfig */;
			buildSettings = {
				ASSETCATALOG_COMPILER_APPICON_NAME = AppIcon;
				DEVELOPMENT_TEAM = 6X88V8MC7R;
				INFOPLIST_FILE = roundMedia/Info.plist;
				LD_RUNPATH_SEARCH_PATHS = "$(inherited) @executable_path/Frameworks";
				PRODUCT_BUNDLE_IDENTIFIER = com.MyApp.roundMedia;
				PRODUCT_NAME = "$(TARGET_NAME)";
				SWIFT_VERSION = 3.0;
			};
			name = Release;
		};
/* End XCBuildConfiguration section */

/* Begin XCConfigurationList section */
		DBCED18F1F15E06800B90586 /* Build configuration list for PBXProject "roundMedia" */ = {
			isa = XCConfigurationList;
			buildConfigurations = (
				DBCED1A41F15E06800B90586 /* Debug */,
				DBCED1A51F15E06800B90586 /* Release */,
			);
			defaultConfigurationIsVisible = 0;
			defaultConfigurationName = Release;
		};
		DBCED1A61F15E06800B90586 /* Build configuration list for PBXNativeTarget "roundMedia" */ = {
			isa = XCConfigurationList;
			buildConfigurations = (
				DBCED1A71F15E06800B90586 /* Debug */,
				DBCED1A81F15E06800B90586 /* Release */,
			);
			defaultConfigurationIsVisible = 0;
			defaultConfigurationName = Release;
		};
/* End XCConfigurationList section */
	};
	rootObject = DBCED18C1F15E06800B90586 /* Project object */;
}
